
Microsoft Visual Studio Solution File, Format Version 12.00
# Visual Studio Version 17
VisualStudioVersion = 17.14.36301.6
MinimumVisualStudioVersion = 10.0.40219.1
Project("{FAE04EC0-301F-11D3-BF4B-00C04F79EFBC}") = "WorkManagement.Api", "WorkManagement.Api\WorkManagement.Api.csproj", "{B00C3ABA-5BFC-E883-C6CC-8BC410563763}"
EndProject
Project("{FAE04EC0-301F-11D3-BF4B-00C04F79EFBC}") = "Worker.Api", "Worker.Api\Worker.Api.csproj", "{342A2920-3513-4CD7-B3C1-7E6F08D8FC1D}"
EndProject
Project("{FAE04EC0-301F-11D3-BF4B-00C04F79EFBC}") = "WorkSubmissionPage", "WorkSubmissionPage\WorkSubmissionPage\WorkSubmissionPage.csproj", "{C106322F-16E8-4B0E-B371-37216D36B1FC}"
EndProject
Project("{FAE04EC0-301F-11D3-BF4B-00C04F79EFBC}") = "WorkSubmissionPage.Client", "WorkSubmissionPage\WorkSubmissionPage.Client\WorkSubmissionPage.Client.csproj", "{DFD9CEAC-7F7A-4942-953A-3EDA3B23119C}"
EndProject
Project("{FAE04EC0-301F-11D3-BF4B-00C04F79EFBC}") = "ServiceDefaults", "ServiceDefaults\ServiceDefaults.csproj", "{19C561D0-8AE6-4293-8C2F-C0E3F4EDF6CB}"
EndProject
Project("{FAE04EC0-301F-11D3-BF4B-00C04F79EFBC}") = "AppHost", "AppHost\AppHost.csproj", "{AE98C96D-E209-42BA-B3D0-19A94753C1E1}"
EndProject
Global
	GlobalSection(SolutionConfigurationPlatforms) = preSolution
		Debug|Any CPU = Debug|Any CPU
		Release|Any CPU = Release|Any CPU
	EndGlobalSection
	GlobalSection(ProjectConfigurationPlatforms) = postSolution
		{B00C3ABA-5BFC-E883-C6CC-8BC410563763}.Debug|Any CPU.ActiveCfg = Debug|Any CPU
		{B00C3ABA-5BFC-E883-C6CC-8BC410563763}.Debug|Any CPU.Build.0 = Debug|Any CPU
		{B00C3ABA-5BFC-E883-C6CC-8BC410563763}.Release|Any CPU.ActiveCfg = Release|Any CPU
		{B00C3ABA-5BFC-E883-C6CC-8BC410563763}.Release|Any CPU.Build.0 = Release|Any CPU
		{342A2920-3513-4CD7-B3C1-7E6F08D8FC1D}.Debug|Any CPU.ActiveCfg = Debug|Any CPU
		{342A2920-3513-4CD7-B3C1-7E6F08D8FC1D}.Debug|Any CPU.Build.0 = Debug|Any CPU
		{342A2920-3513-4CD7-B3C1-7E6F08D8FC1D}.Release|Any CPU.ActiveCfg = Release|Any CPU
		{342A2920-3513-4CD7-B3C1-7E6F08D8FC1D}.Release|Any CPU.Build.0 = Release|Any CPU
		{C106322F-16E8-4B0E-B371-37216D36B1FC}.Debug|Any CPU.ActiveCfg = Debug|Any CPU
		{C106322F-16E8-4B0E-B371-37216D36B1FC}.Debug|Any CPU.Build.0 = Debug|Any CPU
		{C106322F-16E8-4B0E-B371-37216D36B1FC}.Release|Any CPU.ActiveCfg = Release|Any CPU
		{C106322F-16E8-4B0E-B371-37216D36B1FC}.Release|Any CPU.Build.0 = Release|Any CPU
		{DFD9CEAC-7F7A-4942-953A-3EDA3B23119C}.Debug|Any CPU.ActiveCfg = Debug|Any CPU
		{DFD9CEAC-7F7A-4942-953A-3EDA3B23119C}.Debug|Any CPU.Build.0 = Debug|Any CPU
		{DFD9CEAC-7F7A-4942-953A-3EDA3B23119C}.Release|Any CPU.ActiveCfg = Release|Any CPU
		{DFD9CEAC-7F7A-4942-953A-3EDA3B23119C}.Release|Any CPU.Build.0 = Release|Any CPU
		{19C561D0-8AE6-4293-8C2F-C0E3F4EDF6CB}.Debug|Any CPU.ActiveCfg = Debug|Any CPU
		{19C561D0-8AE6-4293-8C2F-C0E3F4EDF6CB}.Debug|Any CPU.Build.0 = Debug|Any CPU
		{19C561D0-8AE6-4293-8C2F-C0E3F4EDF6CB}.Release|Any CPU.ActiveCfg = Release|Any CPU
		{19C561D0-8AE6-4293-8C2F-C0E3F4EDF6CB}.Release|Any CPU.Build.0 = Release|Any CPU
		{AE98C96D-E209-42BA-B3D0-19A94753C1E1}.Debug|Any CPU.ActiveCfg = Debug|Any CPU
		{AE98C96D-E209-42BA-B3D0-19A94753C1E1}.Debug|Any CPU.Build.0 = Debug|Any CPU
		{AE98C96D-E209-42BA-B3D0-19A94753C1E1}.Release|Any CPU.ActiveCfg = Release|Any CPU
		{AE98C96D-E209-42BA-B3D0-19A94753C1E1}.Release|Any CPU.Build.0 = Release|Any CPU
	EndGlobalSection
	GlobalSection(SolutionProperties) = preSolution
		HideSolutionNode = FALSE
	EndGlobalSection
	GlobalSection(ExtensibilityGlobals) = postSolution
		SolutionGuid = {25BE23BC-9C52-4077-AE07-6AEAEA553755}
	EndGlobalSection
EndGlobal
